
Microsoft Visual Studio Solution File, Format Version 12.00
# Visual Studio Version 17
VisualStudioVersion = 17.4.33213.308
MinimumVisualStudioVersion = 10.0.40219.1
Project("{9A19103F-16F7-4668-BE54-9A1E7A4F7556}") = "EmailSender.API", "..\EmailSender.API\EmailSender.API.csproj", "{AE3B4A68-BD23-49CB-A8D8-AC3C43F1E8AA}"
EndProject
Project("{2150E333-8FDC-42A3-9474-1A3956D46DE8}") = "API's", "API's", "{16A860D1-EFA2-47B6-B3C8-181576B7A012}"
EndProject
Project("{2150E333-8FDC-42A3-9474-1A3956D46DE8}") = "src", "src", "{0A236217-9220-4A41-9C2C-831905EF4A4C}"
EndProject
Project("{2150E333-8FDC-42A3-9474-1A3956D46DE8}") = "tests", "tests", "{8BE8944A-C771-4BA3-8A46-62D308AC6917}"
EndProject
Project("{2150E333-8FDC-42A3-9474-1A3956D46DE8}") = "TestUtilities", "TestUtilities", "{234EA311-68A9-4032-9221-ABDC7604E052}"
EndProject
Project("{9A19103F-16F7-4668-BE54-9A1E7A4F7556}") = "Dispo.Infrastructure", "..\..\src\Dispo.Infrastructure\Dispo.Infrastructure.csproj", "{ACE9D499-EDB1-49D3-B9DB-8F37B7158EB7}"
EndProject
Project("{9A19103F-16F7-4668-BE54-9A1E7A4F7556}") = "Dispo.IoC", "..\..\src\Dispo.Ioc\Dispo.IoC.csproj", "{DE3BB831-4187-4293-B55A-A376BE5DE690}"
EndProject
Project("{9A19103F-16F7-4668-BE54-9A1E7A4F7556}") = "Dispo.Service", "..\..\src\Dispo.Service\Dispo.Service.csproj", "{9ED71025-2985-4044-AFE7-DB57A0FB097F}"
EndProject
Project("{9A19103F-16F7-4668-BE54-9A1E7A4F7556}") = "Dispo.Domain", "..\..\src\Dispo.Domain\Dispo.Domain.csproj", "{01E7C0C2-2B84-4785-8F53-62F24EFE0E26}"
EndProject
Project("{9A19103F-16F7-4668-BE54-9A1E7A4F7556}") = "Dispo.Commom", "..\..\src\Dispo.Commom\Dispo.Commom.csproj", "{127B1F01-54E7-4A59-A12D-6E1BE2A6E6B1}"
EndProject
Project("{9A19103F-16F7-4668-BE54-9A1E7A4F7556}") = "Dispo.APIs", "Dispo.APIs.csproj", "{93D6A512-CBE8-4D2B-88A1-3D3614A37895}"
EndProject
Project("{FAE04EC0-301F-11D3-BF4B-00C04F79EFBC}") = "Dispo.Service.Tests", "..\..\tests\Dispo.Service.Tests\Dispo.Service.Tests.csproj", "{66471ADE-F82D-4F30-A3EB-7EDF3659A7DC}"
EndProject
Global
	GlobalSection(SolutionConfigurationPlatforms) = preSolution
		Debug|Any CPU = Debug|Any CPU
		Release|Any CPU = Release|Any CPU
	EndGlobalSection
	GlobalSection(ProjectConfigurationPlatforms) = postSolution
		{AE3B4A68-BD23-49CB-A8D8-AC3C43F1E8AA}.Debug|Any CPU.ActiveCfg = Debug|Any CPU
		{AE3B4A68-BD23-49CB-A8D8-AC3C43F1E8AA}.Debug|Any CPU.Build.0 = Debug|Any CPU
		{AE3B4A68-BD23-49CB-A8D8-AC3C43F1E8AA}.Release|Any CPU.ActiveCfg = Release|Any CPU
		{AE3B4A68-BD23-49CB-A8D8-AC3C43F1E8AA}.Release|Any CPU.Build.0 = Release|Any CPU
		{ACE9D499-EDB1-49D3-B9DB-8F37B7158EB7}.Debug|Any CPU.ActiveCfg = Debug|Any CPU
		{ACE9D499-EDB1-49D3-B9DB-8F37B7158EB7}.Debug|Any CPU.Build.0 = Debug|Any CPU
		{ACE9D499-EDB1-49D3-B9DB-8F37B7158EB7}.Release|Any CPU.ActiveCfg = Release|Any CPU
		{ACE9D499-EDB1-49D3-B9DB-8F37B7158EB7}.Release|Any CPU.Build.0 = Release|Any CPU
		{DE3BB831-4187-4293-B55A-A376BE5DE690}.Debug|Any CPU.ActiveCfg = Debug|Any CPU
		{DE3BB831-4187-4293-B55A-A376BE5DE690}.Debug|Any CPU.Build.0 = Debug|Any CPU
		{DE3BB831-4187-4293-B55A-A376BE5DE690}.Release|Any CPU.ActiveCfg = Release|Any CPU
		{DE3BB831-4187-4293-B55A-A376BE5DE690}.Release|Any CPU.Build.0 = Release|Any CPU
		{9ED71025-2985-4044-AFE7-DB57A0FB097F}.Debug|Any CPU.ActiveCfg = Debug|Any CPU
		{9ED71025-2985-4044-AFE7-DB57A0FB097F}.Debug|Any CPU.Build.0 = Debug|Any CPU
		{9ED71025-2985-4044-AFE7-DB57A0FB097F}.Release|Any CPU.ActiveCfg = Release|Any CPU
		{9ED71025-2985-4044-AFE7-DB57A0FB097F}.Release|Any CPU.Build.0 = Release|Any CPU
		{01E7C0C2-2B84-4785-8F53-62F24EFE0E26}.Debug|Any CPU.ActiveCfg = Debug|Any CPU
		{01E7C0C2-2B84-4785-8F53-62F24EFE0E26}.Debug|Any CPU.Build.0 = Debug|Any CPU
		{01E7C0C2-2B84-4785-8F53-62F24EFE0E26}.Release|Any CPU.ActiveCfg = Release|Any CPU
		{01E7C0C2-2B84-4785-8F53-62F24EFE0E26}.Release|Any CPU.Build.0 = Release|Any CPU
		{127B1F01-54E7-4A59-A12D-6E1BE2A6E6B1}.Debug|Any CPU.ActiveCfg = Debug|Any CPU
		{127B1F01-54E7-4A59-A12D-6E1BE2A6E6B1}.Debug|Any CPU.Build.0 = Debug|Any CPU
		{127B1F01-54E7-4A59-A12D-6E1BE2A6E6B1}.Release|Any CPU.ActiveCfg = Release|Any CPU
		{127B1F01-54E7-4A59-A12D-6E1BE2A6E6B1}.Release|Any CPU.Build.0 = Release|Any CPU
		{93D6A512-CBE8-4D2B-88A1-3D3614A37895}.Debug|Any CPU.ActiveCfg = Debug|Any CPU
		{93D6A512-CBE8-4D2B-88A1-3D3614A37895}.Debug|Any CPU.Build.0 = Debug|Any CPU
		{93D6A512-CBE8-4D2B-88A1-3D3614A37895}.Release|Any CPU.ActiveCfg = Release|Any CPU
		{93D6A512-CBE8-4D2B-88A1-3D3614A37895}.Release|Any CPU.Build.0 = Release|Any CPU
		{66471ADE-F82D-4F30-A3EB-7EDF3659A7DC}.Debug|Any CPU.ActiveCfg = Debug|Any CPU
		{66471ADE-F82D-4F30-A3EB-7EDF3659A7DC}.Debug|Any CPU.Build.0 = Debug|Any CPU
		{66471ADE-F82D-4F30-A3EB-7EDF3659A7DC}.Release|Any CPU.ActiveCfg = Release|Any CPU
		{66471ADE-F82D-4F30-A3EB-7EDF3659A7DC}.Release|Any CPU.Build.0 = Release|Any CPU
	EndGlobalSection
	GlobalSection(SolutionProperties) = preSolution
		HideSolutionNode = FALSE
	EndGlobalSection
	GlobalSection(NestedProjects) = preSolution
		{AE3B4A68-BD23-49CB-A8D8-AC3C43F1E8AA} = {16A860D1-EFA2-47B6-B3C8-181576B7A012}
		{234EA311-68A9-4032-9221-ABDC7604E052} = {8BE8944A-C771-4BA3-8A46-62D308AC6917}
		{ACE9D499-EDB1-49D3-B9DB-8F37B7158EB7} = {0A236217-9220-4A41-9C2C-831905EF4A4C}
		{DE3BB831-4187-4293-B55A-A376BE5DE690} = {0A236217-9220-4A41-9C2C-831905EF4A4C}
		{9ED71025-2985-4044-AFE7-DB57A0FB097F} = {0A236217-9220-4A41-9C2C-831905EF4A4C}
		{01E7C0C2-2B84-4785-8F53-62F24EFE0E26} = {0A236217-9220-4A41-9C2C-831905EF4A4C}
		{127B1F01-54E7-4A59-A12D-6E1BE2A6E6B1} = {0A236217-9220-4A41-9C2C-831905EF4A4C}
		{93D6A512-CBE8-4D2B-88A1-3D3614A37895} = {16A860D1-EFA2-47B6-B3C8-181576B7A012}
		{66471ADE-F82D-4F30-A3EB-7EDF3659A7DC} = {8BE8944A-C771-4BA3-8A46-62D308AC6917}
	EndGlobalSection
	GlobalSection(ExtensibilityGlobals) = postSolution
		SolutionGuid = {C3375A49-13C9-4341-A913-D223CE4E41FC}
	EndGlobalSection
EndGlobal
